// !$*UTF8*$!
{
	archiveVersion = 1;
	classes = {
	};
	objectVersion = 46;
	objects = {

/* Begin PBXBuildFile section */
		1FD2E9911BA7EE7C004AD875 /* main.cpp in Sources */ = {isa = PBXBuildFile; fileRef = 1FD2E98A1BA7EE7C004AD875 /* main.cpp */; };
/* End PBXBuildFile section */

/* Begin PBXCopyFilesBuildPhase section */
		1F8317531BA7EE1400AB7C65 /* CopyFiles */ = {
			isa = PBXCopyFilesBuildPhase;
			buildActionMask = 2147483647;
			dstPath = /usr/share/man/man1/;
			dstSubfolderSpec = 0;
			files = (
			);
			runOnlyForDeploymentPostprocessing = 1;
		};
/* End PBXCopyFilesBuildPhase section */

/* Begin PBXFileReference section */
		1F8317551BA7EE1400AB7C65 /* sine */ = {isa = PBXFileReference; explicitFileType = "compiled.mach-o.executable"; includeInIndex = 0; path = sine; sourceTree = BUILT_PRODUCTS_DIR; };
		1FD2E9851BA7EE7C004AD875 /* abs.h */ = {isa = PBXFileReference; fileEncoding = 4; lastKnownFileType = sourcecode.c.h; path = abs.h; sourceTree = SOURCE_ROOT; };
		1FD2E9861BA7EE7C004AD875 /* bhaskara.h */ = {isa = PBXFileReference; fileEncoding = 4; lastKnownFileType = sourcecode.c.h; path = bhaskara.h; sourceTree = SOURCE_ROOT; };
		1FD2E9871BA7EE7C004AD875 /* constrain.h */ = {isa = PBXFileReference; fileEncoding = 4; lastKnownFileType = sourcecode.c.h; path = constrain.h; sourceTree = SOURCE_ROOT; };
		1FD2E9881BA7EE7C004AD875 /* factorial.h */ = {isa = PBXFileReference; fileEncoding = 4; lastKnownFileType = sourcecode.c.h; path = factorial.h; sourceTree = SOURCE_ROOT; };
		1FD2E9891BA7EE7C004AD875 /* inverse.h */ = {isa = PBXFileReference; fileEncoding = 4; lastKnownFileType = sourcecode.c.h; path = inverse.h; sourceTree = SOURCE_ROOT; };
		1FD2E98A1BA7EE7C004AD875 /* main.cpp */ = {isa = PBXFileReference; fileEncoding = 4; lastKnownFileType = sourcecode.cpp.cpp; path = main.cpp; sourceTree = SOURCE_ROOT; };
		1FD2E98B1BA7EE7C004AD875 /* math.h */ = {isa = PBXFileReference; fileEncoding = 4; lastKnownFileType = sourcecode.c.h; path = math.h; sourceTree = SOURCE_ROOT; };
		1FD2E98C1BA7EE7C004AD875 /* pi.h */ = {isa = PBXFileReference; fileEncoding = 4; lastKnownFileType = sourcecode.c.h; path = pi.h; sourceTree = SOURCE_ROOT; };
		1FD2E98D1BA7EE7C004AD875 /* power.h */ = {isa = PBXFileReference; fileEncoding = 4; lastKnownFileType = sourcecode.c.h; path = power.h; sourceTree = SOURCE_ROOT; };
		1FD2E98E1BA7EE7C004AD875 /* sign.h */ = {isa = PBXFileReference; fileEncoding = 4; lastKnownFileType = sourcecode.c.h; path = sign.h; sourceTree = SOURCE_ROOT; };
		1FD2E98F1BA7EE7C004AD875 /* sine.h */ = {isa = PBXFileReference; fileEncoding = 4; lastKnownFileType = sourcecode.c.h; path = sine.h; sourceTree = SOURCE_ROOT; };
		1FD2E9901BA7EE7C004AD875 /* taylor.h */ = {isa = PBXFileReference; fileEncoding = 4; lastKnownFileType = sourcecode.c.h; path = taylor.h; sourceTree = SOURCE_ROOT; };
/* End PBXFileReference section */

/* Begin PBXFrameworksBuildPhase section */
		1F8317521BA7EE1400AB7C65 /* Frameworks */ = {
			isa = PBXFrameworksBuildPhase;
			buildActionMask = 2147483647;
			files = (
			);
			runOnlyForDeploymentPostprocessing = 0;
		};
/* End PBXFrameworksBuildPhase section */

/* Begin PBXGroup section */
		1F83174C1BA7EE1400AB7C65 = {
			isa = PBXGroup;
			children = (
				1F8317571BA7EE1400AB7C65 /* sine */,
				1F8317561BA7EE1400AB7C65 /* Products */,
			);
			sourceTree = "<group>";
		};
		1F8317561BA7EE1400AB7C65 /* Products */ = {
			isa = PBXGroup;
			children = (
				1F8317551BA7EE1400AB7C65 /* sine */,
			);
			name = Products;
			sourceTree = "<group>";
		};
		1F8317571BA7EE1400AB7C65 /* sine */ = {
			isa = PBXGroup;
			children = (
				1FD2E9851BA7EE7C004AD875 /* abs.h */,
				1FD2E9861BA7EE7C004AD875 /* bhaskara.h */,
				1FD2E9871BA7EE7C004AD875 /* constrain.h */,
				1FD2E9881BA7EE7C004AD875 /* factorial.h */,
				1FD2E9891BA7EE7C004AD875 /* inverse.h */,
				1FD2E98A1BA7EE7C004AD875 /* main.cpp */,
				1FD2E98B1BA7EE7C004AD875 /* math.h */,
				1FD2E98C1BA7EE7C004AD875 /* pi.h */,
				1FD2E98D1BA7EE7C004AD875 /* power.h */,
				1FD2E98E1BA7EE7C004AD875 /* sign.h */,
				1FD2E98F1BA7EE7C004AD875 /* sine.h */,
				1FD2E9901BA7EE7C004AD875 /* taylor.h */,
			);
			path = sine;
			sourceTree = "<group>";
		};
/* End PBXGroup section */

/* Begin PBXNativeTarget section */
		1F8317541BA7EE1400AB7C65 /* sine */ = {
			isa = PBXNativeTarget;
			buildConfigurationList = 1F83175C1BA7EE1400AB7C65 /* Build configuration list for PBXNativeTarget "sine" */;
			buildPhases = (
				1F8317511BA7EE1400AB7C65 /* Sources */,
				1F8317521BA7EE1400AB7C65 /* Frameworks */,
				1F8317531BA7EE1400AB7C65 /* CopyFiles */,
			);
			buildRules = (
			);
			dependencies = (
			);
			name = sine;
			productName = sine;
			productReference = 1F8317551BA7EE1400AB7C65 /* sine */;
			productType = "com.apple.product-type.tool";
		};
/* End PBXNativeTarget section */

/* Begin PBXProject section */
		1F83174D1BA7EE1400AB7C65 /* Project object */ = {
			isa = PBXProject;
			attributes = {
				LastUpgradeCheck = 0630;
				ORGANIZATIONNAME = "Alexander zywicki";
				TargetAttributes = {
					1F8317541BA7EE1400AB7C65 = {
						CreatedOnToolsVersion = 6.3.2;
					};
				};
			};
			buildConfigurationList = 1F8317501BA7EE1400AB7C65 /* Build configuration list for PBXProject "sine" */;
			compatibilityVersion = "Xcode 3.2";
			developmentRegion = English;
			hasScannedForEncodings = 0;
			knownRegions = (
				en,
			);
			mainGroup = 1F83174C1BA7EE1400AB7C65;
			productRefGroup = 1F8317561BA7EE1400AB7C65 /* Products */;
			projectDirPath = "";
			projectRoot = "";
			targets = (
				1F8317541BA7EE1400AB7C65 /* sine */,
			);
		};
/* End PBXProject section */

/* Begin PBXSourcesBuildPhase section */
		1F8317511BA7EE1400AB7C65 /* Sources */ = {
			isa = PBXSourcesBuildPhase;
			buildActionMask = 2147483647;
			files = (
				1FD2E9911BA7EE7C004AD875 /* main.cpp in Sources */,
			);
			runOnlyForDeploymentPostprocessing = 0;
		};
/* End PBXSourcesBuildPhase section */

/* Begin XCBuildConfiguration section */
		1F83175A1BA7EE1400AB7C65 /* Debug */ = {
			isa = XCBuildConfiguration;
			buildSettings = {
				ALWAYS_SEARCH_USER_PATHS = NO;
				CLANG_CXX_LANGUAGE_STANDARD = "gnu++0x";
				CLANG_CXX_LIBRARY = "libc++";
				CLANG_ENABLE_MODULES = YES;
				CLANG_ENABLE_OBJC_ARC = YES;
				CLANG_WARN_BOOL_CONVERSION = YES;
				CLANG_WARN_CONSTANT_CONVERSION = YES;
				CLANG_WARN_DIRECT_OBJC_ISA_USAGE = YES_ERROR;
				CLANG_WARN_EMPTY_BODY = YES;
				CLANG_WARN_ENUM_CONVERSION = YES;
				CLANG_WARN_INT_CONVERSION = YES;
				CLANG_WARN_OBJC_ROOT_CLASS = YES_ERROR;
				CLANG_WARN_UNREACHABLE_CODE = YES;
				CLANG_WARN__DUPLICATE_METHOD_MATCH = YES;
				COPY_PHASE_STRIP = NO;
				DEBUG_INFORMATION_FORMAT = dwarf;
				ENABLE_STRICT_OBJC_MSGSEND = YES;
				GCC_C_LANGUAGE_STANDARD = gnu99;
				GCC_DYNAMIC_NO_PIC = NO;
				GCC_NO_COMMON_BLOCKS = YES;
				GCC_OPTIMIZATION_LEVEL = 0;
				GCC_PREPROCESSOR_DEFINITIONS = (
					"DEBUG=1",
					"$(inherited)",
				);
				GCC_SYMBOLS_PRIVATE_EXTERN = NO;
				GCC_WARN_64_TO_32_BIT_CONVERSION = YES;
				GCC_WARN_ABOUT_RETURN_TYPE = YES_ERROR;
				GCC_WARN_UNDECLARED_SELECTOR = YES;
				GCC_WARN_UNINITIALIZED_AUTOS = YES_AGGRESSIVE;
				GCC_WARN_UNUSED_FUNCTION = YES;
				GCC_WARN_UNUSED_VARIABLE = YES;
				MACOSX_DEPLOYMENT_TARGET = 10.10;
				MTL_ENABLE_DEBUG_INFO = YES;
				ONLY_ACTIVE_ARCH = YES;
				SDKROOT = macosx;
			};
			name = Debug;
		};
		1F83175B1BA7EE1400AB7C65 /* Release */ = {
			isa = XCBuildConfiguration;
			buildSettings = {
				ALWAYS_SEARCH_USER_PATHS = NO;
				CLANG_CXX_LANGUAGE_STANDARD = "gnu++0x";
				CLANG_CXX_LIBRARY = "libc++";
				CLANG_ENABLE_MODULES = YES;
				CLANG_ENABLE_OBJC_ARC = YES;
				CLANG_WARN_BOOL_CONVERSION = YES;
				CLANG_WARN_CONSTANT_CONVERSION = YES;
				CLANG_WARN_DIRECT_OBJC_ISA_USAGE = YES_ERROR;
				CLANG_WARN_EMPTY_BODY = YES;
				CLANG_WARN_ENUM_CONVERSION = YES;
				CLANG_WARN_INT_CONVERSION = YES;
				CLANG_WARN_OBJC_ROOT_CLASS = YES_ERROR;
				CLANG_WARN_UNREACHABLE_CODE = YES;
				CLANG_WARN__DUPLICATE_METHOD_MATCH = YES;
				COPY_PHASE_STRIP = NO;
				DEBUG_INFORMATION_FORMAT = "dwarf-with-dsym";
				ENABLE_NS_ASSERTIONS = NO;
				ENABLE_STRICT_OBJC_MSGSEND = YES;
				GCC_C_LANGUAGE_STANDARD = gnu99;
				GCC_NO_COMMON_BLOCKS = YES;
				GCC_WARN_64_TO_32_BIT_CONVERSION = YES;
				GCC_WARN_ABOUT_RETURN_TYPE = YES_ERROR;
				GCC_WARN_UNDECLARED_SELECTOR = YES;
				GCC_WARN_UNINITIALIZED_AUTOS = YES_AGGRESSIVE;
				GCC_WARN_UNUSED_FUNCTION = YES;
				GCC_WARN_UNUSED_VARIABLE = YES;
				MACOSX_DEPLOYMENT_TARGET = 10.10;
				MTL_ENABLE_DEBUG_INFO = NO;
				SDKROOT = macosx;
			};
			name = Release;
		};
		1F83175D1BA7EE1400AB7C65 /* Debug */ = {
			isa = XCBuildConfiguration;
			buildSettings = {
				CLANG_CXX_LANGUAGE_STANDARD = "gnu++14";
				CLANG_CXX_LIBRARY = "libstdc++";
				PRODUCT_NAME = "$(TARGET_NAME)";
			};
			name = Debug;
		};
		1F83175E1BA7EE1400AB7C65 /* Release */ = {
			isa = XCBuildConfiguration;
			buildSettings = {
				CLANG_CXX_LANGUAGE_STANDARD = "gnu++14";
				CLANG_CXX_LIBRARY = "libstdc++";
				PRODUCT_NAME = "$(TARGET_NAME)";
			};
			name = Release;
		};
/* End XCBuildConfiguration section */

/* Begin XCConfigurationList section */
		1F8317501BA7EE1400AB7C65 /* Build configuration list for PBXProject "sine" */ = {
			isa = XCConfigurationList;
			buildConfigurations = (
				1F83175A1BA7EE1400AB7C65 /* Debug */,
				1F83175B1BA7EE1400AB7C65 /* Release */,
			);
			defaultConfigurationIsVisible = 0;
			defaultConfigurationName = Release;
		};
		1F83175C1BA7EE1400AB7C65 /* Build configuration list for PBXNativeTarget "sine" */ = {
			isa = XCConfigurationList;
			buildConfigurations = (
				1F83175D1BA7EE1400AB7C65 /* Debug */,
				1F83175E1BA7EE1400AB7C65 /* Release */,
			);
			defaultConfigurationIsVisible = 0;
			defaultConfigurationName = Release;
		};
/* End XCConfigurationList section */
	};
	rootObject = 1F83174D1BA7EE1400AB7C65 /* Project object */;
}
